
Microsoft Visual Studio Solution File, Format Version 12.00
# Visual Studio Version 17
VisualStudioVersion = 17.7.34031.279
MinimumVisualStudioVersion = 10.0.40219.1
Project("{FAE04EC0-301F-11D3-BF4B-00C04F79EFBC}") = "Threads", "Threads\Threads.csproj", "{55DA6F8A-0262-417D-8B9D-9A4106B6D838}"
EndProject
Global
	GlobalSection(SolutionConfigurationPlatforms) = preSolution
		Debug|Any CPU = Debug|Any CPU
		Release|Any CPU = Release|Any CPU
	EndGlobalSection
	GlobalSection(ProjectConfigurationPlatforms) = postSolution
		{55DA6F8A-0262-417D-8B9D-9A4106B6D838}.Debug|Any CPU.ActiveCfg = Debug|Any CPU
		{55DA6F8A-0262-417D-8B9D-9A4106B6D838}.Debug|Any CPU.Build.0 = Debug|Any CPU
		{55DA6F8A-0262-417D-8B9D-9A4106B6D838}.Release|Any CPU.ActiveCfg = Release|Any CPU
		{55DA6F8A-0262-417D-8B9D-9A4106B6D838}.Release|Any CPU.Build.0 = Release|Any CPU
	EndGlobalSection
	GlobalSection(SolutionProperties) = preSolution
		HideSolutionNode = FALSE
	EndGlobalSection
	GlobalSection(ExtensibilityGlobals) = postSolution
		SolutionGuid = {A5F5DF42-70C7-4AC7-B6F8-20D13C3B29CA}
	EndGlobalSection
EndGlobal
